
Microsoft Visual Studio Solution File, Format Version 12.00
# Visual Studio 15
VisualStudioVersion = 15.0.28010.2016
MinimumVisualStudioVersion = 10.0.40219.1
Project("{FAE04EC0-301F-11D3-BF4B-00C04F79EFBC}") = "HelloWorld", "HelloWorld\HelloWorld.csproj", "{C0478C1B-FEBF-4C2D-8DB1-278D8633B3FC}"
EndProject
Global
	GlobalSection(SolutionConfigurationPlatforms) = preSolution
		Debug|Any CPU = Debug|Any CPU
		Release|Any CPU = Release|Any CPU
	EndGlobalSection
	GlobalSection(ProjectConfigurationPlatforms) = postSolution
		{C0478C1B-FEBF-4C2D-8DB1-278D8633B3FC}.Debug|Any CPU.ActiveCfg = Debug|Any CPU
		{C0478C1B-FEBF-4C2D-8DB1-278D8633B3FC}.Debug|Any CPU.Build.0 = Debug|Any CPU
		{C0478C1B-FEBF-4C2D-8DB1-278D8633B3FC}.Release|Any CPU.ActiveCfg = Release|Any CPU
		{C0478C1B-FEBF-4C2D-8DB1-278D8633B3FC}.Release|Any CPU.Build.0 = Release|Any CPU
	EndGlobalSection
	GlobalSection(SolutionProperties) = preSolution
		HideSolutionNode = FALSE
	EndGlobalSection
	GlobalSection(ExtensibilityGlobals) = postSolution
		SolutionGuid = {BEECBE41-0F3B-4F42-BA76-2D52FC8F2614}
	EndGlobalSection
EndGlobal
